
Microsoft Visual Studio Solution File, Format Version 12.00
# Visual Studio Version 17
VisualStudioVersion = 17.3.32929.385
MinimumVisualStudioVersion = 10.0.40219.1
Project("{FAE04EC0-301F-11D3-BF4B-00C04F79EFBC}") = "NET101_WD18402", "NET101_WD18402\NET101_WD18402.csproj", "{A000BCCF-0D6B-4D47-8349-02AB8D27611B}"
EndProject
Project("{FAE04EC0-301F-11D3-BF4B-00C04F79EFBC}") = "BAI_1_KHAI_BAO_BIEN", "BAI_1_KHAI_BAO_BIEN\BAI_1_KHAI_BAO_BIEN.csproj", "{CE8192C3-20F4-4BBC-B2BF-3769EB1F7C32}"
EndProject
Project("{FAE04EC0-301F-11D3-BF4B-00C04F79EFBC}") = "BAI_2_EP_KIEU", "BAI_2_EP_KIEU\BAI_2_EP_KIEU.csproj", "{2ECE525B-33FE-4BD5-9AC7-2E8710A7C189}"
EndProject
Project("{FAE04EC0-301F-11D3-BF4B-00C04F79EFBC}") = "BAI_3_NHAP_XUAT", "BAI_3_NHAP_XUAT\BAI_3_NHAP_XUAT.csproj", "{AB74B474-F873-42C5-B5A0-A4FC9026C616}"
EndProject
Project("{FAE04EC0-301F-11D3-BF4B-00C04F79EFBC}") = "BAI_4_TOAN_TU", "BAI_4_TOAN_TU\BAI_4_TOAN_TU.csproj", "{B767DA69-66BE-4008-9B72-FA0DD55BA063}"
EndProject
Project("{FAE04EC0-301F-11D3-BF4B-00C04F79EFBC}") = "BAI_5_CAU_TRUC_RE_NHANH", "BAI_5_CAU_TRUC_RE_NHANH\BAI_5_CAU_TRUC_RE_NHANH.csproj", "{B48BAC1B-2F3D-4E3E-8B17-53CE60D82FD6}"
EndProject
Project("{FAE04EC0-301F-11D3-BF4B-00C04F79EFBC}") = "BAI_6_VONG_LAP", "BAI_6_VONG_LAP\BAI_6_VONG_LAP.csproj", "{76E0CEA7-7535-46A6-8BB2-4A33B536B8B5}"
EndProject
Project("{FAE04EC0-301F-11D3-BF4B-00C04F79EFBC}") = "BAI_7_MENU", "BAI_7_MENU\BAI_7_MENU.csproj", "{BBB08A72-012B-400A-B154-20C8ACB712E3}"
EndProject
Project("{FAE04EC0-301F-11D3-BF4B-00C04F79EFBC}") = "BAI_8_MANG", "BAI_8_MANG\BAI_8_MANG.csproj", "{A443FC7E-0D33-4165-AB54-3E555345A658}"
EndProject
Project("{FAE04EC0-301F-11D3-BF4B-00C04F79EFBC}") = "BAI_8_MANG_P2", "BAI_8_MANG_P2\BAI_8_MANG_P2.csproj", "{8157BAE9-9B49-4D2E-896A-DECE12B57EED}"
EndProject
Project("{FAE04EC0-301F-11D3-BF4B-00C04F79EFBC}") = "BAI_9_OOP", "BAI_9_OOP\BAI_9_OOP.csproj", "{134A223E-F43F-410E-B053-B270DE5C64C5}"
EndProject
Project("{FAE04EC0-301F-11D3-BF4B-00C04F79EFBC}") = "BAI_10_OOP_LuyenTap", "BAI_10_OOP_LuyenTap\BAI_10_OOP_LuyenTap.csproj", "{9BCC543B-9494-4257-84C7-BD940D648629}"
EndProject
Project("{FAE04EC0-301F-11D3-BF4B-00C04F79EFBC}") = "BAI_11_ArrayList_List", "BAI_11_ArrayList_List\BAI_11_ArrayList_List.csproj", "{40C7096F-148E-4C62-BC8E-F126A8CFE4F4}"
EndProject
Project("{FAE04EC0-301F-11D3-BF4B-00C04F79EFBC}") = "BAI_12_QLNYC", "BAI_12_QLNYC\BAI_12_QLNYC.csproj", "{3DCF03C7-C78A-41F3-9A47-4E956A9F6F8F}"
EndProject
Global
	GlobalSection(SolutionConfigurationPlatforms) = preSolution
		Debug|Any CPU = Debug|Any CPU
		Release|Any CPU = Release|Any CPU
	EndGlobalSection
	GlobalSection(ProjectConfigurationPlatforms) = postSolution
		{A000BCCF-0D6B-4D47-8349-02AB8D27611B}.Debug|Any CPU.ActiveCfg = Debug|Any CPU
		{A000BCCF-0D6B-4D47-8349-02AB8D27611B}.Debug|Any CPU.Build.0 = Debug|Any CPU
		{A000BCCF-0D6B-4D47-8349-02AB8D27611B}.Release|Any CPU.ActiveCfg = Release|Any CPU
		{A000BCCF-0D6B-4D47-8349-02AB8D27611B}.Release|Any CPU.Build.0 = Release|Any CPU
		{CE8192C3-20F4-4BBC-B2BF-3769EB1F7C32}.Debug|Any CPU.ActiveCfg = Debug|Any CPU
		{CE8192C3-20F4-4BBC-B2BF-3769EB1F7C32}.Debug|Any CPU.Build.0 = Debug|Any CPU
		{CE8192C3-20F4-4BBC-B2BF-3769EB1F7C32}.Release|Any CPU.ActiveCfg = Release|Any CPU
		{CE8192C3-20F4-4BBC-B2BF-3769EB1F7C32}.Release|Any CPU.Build.0 = Release|Any CPU
		{2ECE525B-33FE-4BD5-9AC7-2E8710A7C189}.Debug|Any CPU.ActiveCfg = Debug|Any CPU
		{2ECE525B-33FE-4BD5-9AC7-2E8710A7C189}.Debug|Any CPU.Build.0 = Debug|Any CPU
		{2ECE525B-33FE-4BD5-9AC7-2E8710A7C189}.Release|Any CPU.ActiveCfg = Release|Any CPU
		{2ECE525B-33FE-4BD5-9AC7-2E8710A7C189}.Release|Any CPU.Build.0 = Release|Any CPU
		{AB74B474-F873-42C5-B5A0-A4FC9026C616}.Debug|Any CPU.ActiveCfg = Debug|Any CPU
		{AB74B474-F873-42C5-B5A0-A4FC9026C616}.Debug|Any CPU.Build.0 = Debug|Any CPU
		{AB74B474-F873-42C5-B5A0-A4FC9026C616}.Release|Any CPU.ActiveCfg = Release|Any CPU
		{AB74B474-F873-42C5-B5A0-A4FC9026C616}.Release|Any CPU.Build.0 = Release|Any CPU
		{B767DA69-66BE-4008-9B72-FA0DD55BA063}.Debug|Any CPU.ActiveCfg = Debug|Any CPU
		{B767DA69-66BE-4008-9B72-FA0DD55BA063}.Debug|Any CPU.Build.0 = Debug|Any CPU
		{B767DA69-66BE-4008-9B72-FA0DD55BA063}.Release|Any CPU.ActiveCfg = Release|Any CPU
		{B767DA69-66BE-4008-9B72-FA0DD55BA063}.Release|Any CPU.Build.0 = Release|Any CPU
		{B48BAC1B-2F3D-4E3E-8B17-53CE60D82FD6}.Debug|Any CPU.ActiveCfg = Debug|Any CPU
		{B48BAC1B-2F3D-4E3E-8B17-53CE60D82FD6}.Debug|Any CPU.Build.0 = Debug|Any CPU
		{B48BAC1B-2F3D-4E3E-8B17-53CE60D82FD6}.Release|Any CPU.ActiveCfg = Release|Any CPU
		{B48BAC1B-2F3D-4E3E-8B17-53CE60D82FD6}.Release|Any CPU.Build.0 = Release|Any CPU
		{76E0CEA7-7535-46A6-8BB2-4A33B536B8B5}.Debug|Any CPU.ActiveCfg = Debug|Any CPU
		{76E0CEA7-7535-46A6-8BB2-4A33B536B8B5}.Debug|Any CPU.Build.0 = Debug|Any CPU
		{76E0CEA7-7535-46A6-8BB2-4A33B536B8B5}.Release|Any CPU.ActiveCfg = Release|Any CPU
		{76E0CEA7-7535-46A6-8BB2-4A33B536B8B5}.Release|Any CPU.Build.0 = Release|Any CPU
		{BBB08A72-012B-400A-B154-20C8ACB712E3}.Debug|Any CPU.ActiveCfg = Debug|Any CPU
		{BBB08A72-012B-400A-B154-20C8ACB712E3}.Debug|Any CPU.Build.0 = Debug|Any CPU
		{BBB08A72-012B-400A-B154-20C8ACB712E3}.Release|Any CPU.ActiveCfg = Release|Any CPU
		{BBB08A72-012B-400A-B154-20C8ACB712E3}.Release|Any CPU.Build.0 = Release|Any CPU
		{A443FC7E-0D33-4165-AB54-3E555345A658}.Debug|Any CPU.ActiveCfg = Debug|Any CPU
		{A443FC7E-0D33-4165-AB54-3E555345A658}.Debug|Any CPU.Build.0 = Debug|Any CPU
		{A443FC7E-0D33-4165-AB54-3E555345A658}.Release|Any CPU.ActiveCfg = Release|Any CPU
		{A443FC7E-0D33-4165-AB54-3E555345A658}.Release|Any CPU.Build.0 = Release|Any CPU
		{8157BAE9-9B49-4D2E-896A-DECE12B57EED}.Debug|Any CPU.ActiveCfg = Debug|Any CPU
		{8157BAE9-9B49-4D2E-896A-DECE12B57EED}.Debug|Any CPU.Build.0 = Debug|Any CPU
		{8157BAE9-9B49-4D2E-896A-DECE12B57EED}.Release|Any CPU.ActiveCfg = Release|Any CPU
		{8157BAE9-9B49-4D2E-896A-DECE12B57EED}.Release|Any CPU.Build.0 = Release|Any CPU
		{134A223E-F43F-410E-B053-B270DE5C64C5}.Debug|Any CPU.ActiveCfg = Debug|Any CPU
		{134A223E-F43F-410E-B053-B270DE5C64C5}.Debug|Any CPU.Build.0 = Debug|Any CPU
		{134A223E-F43F-410E-B053-B270DE5C64C5}.Release|Any CPU.ActiveCfg = Release|Any CPU
		{134A223E-F43F-410E-B053-B270DE5C64C5}.Release|Any CPU.Build.0 = Release|Any CPU
		{9BCC543B-9494-4257-84C7-BD940D648629}.Debug|Any CPU.ActiveCfg = Debug|Any CPU
		{9BCC543B-9494-4257-84C7-BD940D648629}.Debug|Any CPU.Build.0 = Debug|Any CPU
		{9BCC543B-9494-4257-84C7-BD940D648629}.Release|Any CPU.ActiveCfg = Release|Any CPU
		{9BCC543B-9494-4257-84C7-BD940D648629}.Release|Any CPU.Build.0 = Release|Any CPU
		{40C7096F-148E-4C62-BC8E-F126A8CFE4F4}.Debug|Any CPU.ActiveCfg = Debug|Any CPU
		{40C7096F-148E-4C62-BC8E-F126A8CFE4F4}.Debug|Any CPU.Build.0 = Debug|Any CPU
		{40C7096F-148E-4C62-BC8E-F126A8CFE4F4}.Release|Any CPU.ActiveCfg = Release|Any CPU
		{40C7096F-148E-4C62-BC8E-F126A8CFE4F4}.Release|Any CPU.Build.0 = Release|Any CPU
		{3DCF03C7-C78A-41F3-9A47-4E956A9F6F8F}.Debug|Any CPU.ActiveCfg = Debug|Any CPU
		{3DCF03C7-C78A-41F3-9A47-4E956A9F6F8F}.Debug|Any CPU.Build.0 = Debug|Any CPU
		{3DCF03C7-C78A-41F3-9A47-4E956A9F6F8F}.Release|Any CPU.ActiveCfg = Release|Any CPU
		{3DCF03C7-C78A-41F3-9A47-4E956A9F6F8F}.Release|Any CPU.Build.0 = Release|Any CPU
	EndGlobalSection
	GlobalSection(SolutionProperties) = preSolution
		HideSolutionNode = FALSE
	EndGlobalSection
	GlobalSection(ExtensibilityGlobals) = postSolution
		SolutionGuid = {EA89BF4A-072F-4A0F-A198-F0FFE3C8BDDF}
	EndGlobalSection
EndGlobal
